
Microsoft Visual Studio Solution File, Format Version 12.00
# Visual Studio Version 17
VisualStudioVersion = 17.7.34024.191
MinimumVisualStudioVersion = 10.0.40219.1
Project("{FAE04EC0-301F-11D3-BF4B-00C04F79EFBC}") = "UnitTestingInDotNet", "UnitTestingInDotNet\UnitTestingInDotNet.csproj", "{A2CA5200-BB62-4241-AE58-195573526830}"
EndProject
Global
	GlobalSection(SolutionConfigurationPlatforms) = preSolution
		Debug|Any CPU = Debug|Any CPU
		Release|Any CPU = Release|Any CPU
	EndGlobalSection
	GlobalSection(ProjectConfigurationPlatforms) = postSolution
		{A2CA5200-BB62-4241-AE58-195573526830}.Debug|Any CPU.ActiveCfg = Debug|Any CPU
		{A2CA5200-BB62-4241-AE58-195573526830}.Debug|Any CPU.Build.0 = Debug|Any CPU
		{A2CA5200-BB62-4241-AE58-195573526830}.Release|Any CPU.ActiveCfg = Release|Any CPU
		{A2CA5200-BB62-4241-AE58-195573526830}.Release|Any CPU.Build.0 = Release|Any CPU
	EndGlobalSection
	GlobalSection(SolutionProperties) = preSolution
		HideSolutionNode = FALSE
	EndGlobalSection
	GlobalSection(ExtensibilityGlobals) = postSolution
		SolutionGuid = {12B346BF-6102-47C0-8C4F-5E83F180A5D1}
	EndGlobalSection
EndGlobal
